{
  "name": "datadog-logger",
  "version": "1.0.2",
  "lockfileVersion": 1,
  "requires": true,
  "dependencies": {
    "@types/node": {
      "version": "11.13.6",
      "resolved": "https://registry.npmjs.org/@types/node/-/node-11.13.6.tgz",
      "integrity": "sha512-Xoo/EBzEe8HxTSwaZNLZjaW6M6tA/+GmD3/DZ6uo8qSaolE/9Oarko0oV1fVfrLqOz0tx0nXJB4rdD5c+vixLw=="
    }
  }
}
